
Microsoft Visual Studio Solution File, Format Version 11.00
# Visual Studio 2010
Project("{FAE04EC0-301F-11D3-BF4B-00C04F79EFBC}") = "Assembly-CSharp", "Assembly-CSharp.csproj", "{20E2514E-A38D-D53F-B0E5-16B8FEDD3D08}"
EndProject
Project("{FAE04EC0-301F-11D3-BF4B-00C04F79EFBC}") = "Assembly-CSharp-Editor", "Assembly-CSharp-Editor.csproj", "{1D40CBB2-3DBA-024C-FA04-5B081B6865FF}"
EndProject
Global
	GlobalSection(SolutionConfigurationPlatforms) = preSolution
		Debug|Any CPU = Debug|Any CPU
		Release|Any CPU = Release|Any CPU
	EndGlobalSection
	GlobalSection(ProjectConfigurationPlatforms) = postSolution
		{20E2514E-A38D-D53F-B0E5-16B8FEDD3D08}.Debug|Any CPU.ActiveCfg = Debug|Any CPU
		{20E2514E-A38D-D53F-B0E5-16B8FEDD3D08}.Debug|Any CPU.Build.0 = Debug|Any CPU
		{20E2514E-A38D-D53F-B0E5-16B8FEDD3D08}.Release|Any CPU.ActiveCfg = Release|Any CPU
		{20E2514E-A38D-D53F-B0E5-16B8FEDD3D08}.Release|Any CPU.Build.0 = Release|Any CPU
		{1D40CBB2-3DBA-024C-FA04-5B081B6865FF}.Debug|Any CPU.ActiveCfg = Debug|Any CPU
		{1D40CBB2-3DBA-024C-FA04-5B081B6865FF}.Debug|Any CPU.Build.0 = Debug|Any CPU
		{1D40CBB2-3DBA-024C-FA04-5B081B6865FF}.Release|Any CPU.ActiveCfg = Release|Any CPU
		{1D40CBB2-3DBA-024C-FA04-5B081B6865FF}.Release|Any CPU.Build.0 = Release|Any CPU
	EndGlobalSection
	GlobalSection(SolutionProperties) = preSolution
		HideSolutionNode = FALSE
	EndGlobalSection
	GlobalSection(MonoDevelopProperties) = preSolution
		StartupItem = Assembly-CSharp.csproj
	EndGlobalSection
EndGlobal
